PODS:
  - Alamofire (4.4.0)
  - SwiftyJSON (4.1.0)

DEPENDENCIES:
  - Alamofire (= 4.4.0)
  - SwiftyJSON (from `https://github.com/SwiftyJSON/SwiftyJSON.git`)

SPEC REPOS:
  https://github.com/cocoapods/specs.git:
    - Alamofire

EXTERNAL SOURCES:
  SwiftyJSON:
    :git: https://github.com/SwiftyJSON/SwiftyJSON.git

CHECKOUT OPTIONS:
  SwiftyJSON:
    :commit: b93c5d2bd883959262b4c7aabe333667dadb1ab0
    :git: https://github.com/SwiftyJSON/SwiftyJSON.git

SPEC CHECKSUMS:
  Alamofire: dc44b1600b800eb63da6a19039a0083d62a6a62d
  SwiftyJSON: c29297daf073d2aa016295d5809cdd68045c39b3

PODFILE CHECKSUM: a7c113fa6bb469b406f281ea102621e62d77294f

COCOAPODS: 1.5.3
